
Microsoft Visual Studio Solution File, Format Version 12.00
# Visual Studio Version 17
VisualStudioVersion = 17.0.31903.59
MinimumVisualStudioVersion = 10.0.40219.1
Project("{2150E333-8FDC-42A3-9474-1A3956D46DE8}") = "src", "src", "{6524BEC0-9C8F-470E-86D2-03C1F25B3B67}"
EndProject
Project("{FAE04EC0-301F-11D3-BF4B-00C04F79EFBC}") = "Presentation.WebApi", "src\Presentation.WebApi\Presentation.WebApi.csproj", "{88D4BA94-6D93-4DE7-9ED6-CFDF369EDAD3}"
EndProject
Project("{FAE04EC0-301F-11D3-BF4B-00C04F79EFBC}") = "Infrastructure", "src\Infrastructure\Infrastructure.csproj", "{8DC9210B-6D06-4E60-B39A-D0EEAA11810E}"
EndProject
Project("{FAE04EC0-301F-11D3-BF4B-00C04F79EFBC}") = "Infrastructure.Persistence", "src\Infrastructure.Persistence\Infrastructure.Persistence.csproj", "{0DED1294-086F-4702-A435-3EC8D57F139F}"
EndProject
Project("{FAE04EC0-301F-11D3-BF4B-00C04F79EFBC}") = "Application.Abstraction", "src\Application.Abstraction\Application.Abstraction.csproj", "{724770F9-3A58-47B9-B8A2-E6284A21648D}"
EndProject
Project("{FAE04EC0-301F-11D3-BF4B-00C04F79EFBC}") = "Application.Commands", "src\Application.Commands\Application.Commands.csproj", "{63B5FCF3-393E-4E6E-91C3-397F25056C9A}"
EndProject
Project("{FAE04EC0-301F-11D3-BF4B-00C04F79EFBC}") = "Application.EventHandlers", "src\Application.EventHandlers\Application.EventHandlers.csproj", "{CA40809E-8702-47B8-BDBB-338880E38C2A}"
EndProject
Project("{FAE04EC0-301F-11D3-BF4B-00C04F79EFBC}") = "Application.Queries", "src\Application.Queries\Application.Queries.csproj", "{C6EACFFA-7375-4C07-9449-515E6E26A645}"
EndProject
Project("{FAE04EC0-301F-11D3-BF4B-00C04F79EFBC}") = "Domain.Core", "src\Domain.Core\Domain.Core.csproj", "{D1DEDF6B-764D-43CD-BB3F-987B94DA54E2}"
EndProject
Project("{FAE04EC0-301F-11D3-BF4B-00C04F79EFBC}") = "Domain.Services", "src\Domain.Services\Domain.Services.csproj", "{A8542402-6994-4E96-BA96-7D224CB21C30}"
EndProject
Project("{2150E333-8FDC-42A3-9474-1A3956D46DE8}") = "tests", "tests", "{6311FE26-12B8-4311-BF1D-A17CA1D9973F}"
EndProject
Project("{FAE04EC0-301F-11D3-BF4B-00C04F79EFBC}") = "Tests.Architecture", "tests\Tests.Architecture\Tests.Architecture.csproj", "{85345B08-5F61-42F8-86C6-7B64390E0A30}"
EndProject
Project("{FAE04EC0-301F-11D3-BF4B-00C04F79EFBC}") = "Tests.Common", "tests\Tests.Common\Tests.Common.csproj", "{9210EC08-C113-4A6B-B33D-9DE73421C574}"
EndProject
Project("{FAE04EC0-301F-11D3-BF4B-00C04F79EFBC}") = "Tests.Component", "tests\Tests.Component\Tests.Component.csproj", "{688E9DCE-D38C-4CA6-9AAA-2E5BD65A275C}"
EndProject
Project("{FAE04EC0-301F-11D3-BF4B-00C04F79EFBC}") = "Tests.Integration", "tests\Tests.Integration\Tests.Integration.csproj", "{2D2FE25F-5589-47DD-896B-D7367098B9A8}"
EndProject
Project("{FAE04EC0-301F-11D3-BF4B-00C04F79EFBC}") = "Tests.Unit", "tests\Tests.Unit\Tests.Unit.csproj", "{BCC90988-6641-4AD6-89C9-B85D23027922}"
EndProject
Global
	GlobalSection(SolutionConfigurationPlatforms) = preSolution
		Debug|Any CPU = Debug|Any CPU
		Release|Any CPU = Release|Any CPU
	EndGlobalSection
	GlobalSection(SolutionProperties) = preSolution
		HideSolutionNode = FALSE
	EndGlobalSection
	GlobalSection(ProjectConfigurationPlatforms) = postSolution
		{88D4BA94-6D93-4DE7-9ED6-CFDF369EDAD3}.Debug|Any CPU.ActiveCfg = Debug|Any CPU
		{88D4BA94-6D93-4DE7-9ED6-CFDF369EDAD3}.Debug|Any CPU.Build.0 = Debug|Any CPU
		{88D4BA94-6D93-4DE7-9ED6-CFDF369EDAD3}.Release|Any CPU.ActiveCfg = Release|Any CPU
		{88D4BA94-6D93-4DE7-9ED6-CFDF369EDAD3}.Release|Any CPU.Build.0 = Release|Any CPU
		{8DC9210B-6D06-4E60-B39A-D0EEAA11810E}.Debug|Any CPU.ActiveCfg = Debug|Any CPU
		{8DC9210B-6D06-4E60-B39A-D0EEAA11810E}.Debug|Any CPU.Build.0 = Debug|Any CPU
		{8DC9210B-6D06-4E60-B39A-D0EEAA11810E}.Release|Any CPU.ActiveCfg = Release|Any CPU
		{8DC9210B-6D06-4E60-B39A-D0EEAA11810E}.Release|Any CPU.Build.0 = Release|Any CPU
		{0DED1294-086F-4702-A435-3EC8D57F139F}.Debug|Any CPU.ActiveCfg = Debug|Any CPU
		{0DED1294-086F-4702-A435-3EC8D57F139F}.Debug|Any CPU.Build.0 = Debug|Any CPU
		{0DED1294-086F-4702-A435-3EC8D57F139F}.Release|Any CPU.ActiveCfg = Release|Any CPU
		{0DED1294-086F-4702-A435-3EC8D57F139F}.Release|Any CPU.Build.0 = Release|Any CPU
		{724770F9-3A58-47B9-B8A2-E6284A21648D}.Debug|Any CPU.ActiveCfg = Debug|Any CPU
		{724770F9-3A58-47B9-B8A2-E6284A21648D}.Debug|Any CPU.Build.0 = Debug|Any CPU
		{724770F9-3A58-47B9-B8A2-E6284A21648D}.Release|Any CPU.ActiveCfg = Release|Any CPU
		{724770F9-3A58-47B9-B8A2-E6284A21648D}.Release|Any CPU.Build.0 = Release|Any CPU
		{63B5FCF3-393E-4E6E-91C3-397F25056C9A}.Debug|Any CPU.ActiveCfg = Debug|Any CPU
		{63B5FCF3-393E-4E6E-91C3-397F25056C9A}.Debug|Any CPU.Build.0 = Debug|Any CPU
		{63B5FCF3-393E-4E6E-91C3-397F25056C9A}.Release|Any CPU.ActiveCfg = Release|Any CPU
		{63B5FCF3-393E-4E6E-91C3-397F25056C9A}.Release|Any CPU.Build.0 = Release|Any CPU
		{CA40809E-8702-47B8-BDBB-338880E38C2A}.Debug|Any CPU.ActiveCfg = Debug|Any CPU
		{CA40809E-8702-47B8-BDBB-338880E38C2A}.Debug|Any CPU.Build.0 = Debug|Any CPU
		{CA40809E-8702-47B8-BDBB-338880E38C2A}.Release|Any CPU.ActiveCfg = Release|Any CPU
		{CA40809E-8702-47B8-BDBB-338880E38C2A}.Release|Any CPU.Build.0 = Release|Any CPU
		{C6EACFFA-7375-4C07-9449-515E6E26A645}.Debug|Any CPU.ActiveCfg = Debug|Any CPU
		{C6EACFFA-7375-4C07-9449-515E6E26A645}.Debug|Any CPU.Build.0 = Debug|Any CPU
		{C6EACFFA-7375-4C07-9449-515E6E26A645}.Release|Any CPU.ActiveCfg = Release|Any CPU
		{C6EACFFA-7375-4C07-9449-515E6E26A645}.Release|Any CPU.Build.0 = Release|Any CPU
		{D1DEDF6B-764D-43CD-BB3F-987B94DA54E2}.Debug|Any CPU.ActiveCfg = Debug|Any CPU
		{D1DEDF6B-764D-43CD-BB3F-987B94DA54E2}.Debug|Any CPU.Build.0 = Debug|Any CPU
		{D1DEDF6B-764D-43CD-BB3F-987B94DA54E2}.Release|Any CPU.ActiveCfg = Release|Any CPU
		{D1DEDF6B-764D-43CD-BB3F-987B94DA54E2}.Release|Any CPU.Build.0 = Release|Any CPU
		{A8542402-6994-4E96-BA96-7D224CB21C30}.Debug|Any CPU.ActiveCfg = Debug|Any CPU
		{A8542402-6994-4E96-BA96-7D224CB21C30}.Debug|Any CPU.Build.0 = Debug|Any CPU
		{A8542402-6994-4E96-BA96-7D224CB21C30}.Release|Any CPU.ActiveCfg = Release|Any CPU
		{A8542402-6994-4E96-BA96-7D224CB21C30}.Release|Any CPU.Build.0 = Release|Any CPU
		{85345B08-5F61-42F8-86C6-7B64390E0A30}.Debug|Any CPU.ActiveCfg = Debug|Any CPU
		{85345B08-5F61-42F8-86C6-7B64390E0A30}.Debug|Any CPU.Build.0 = Debug|Any CPU
		{85345B08-5F61-42F8-86C6-7B64390E0A30}.Release|Any CPU.ActiveCfg = Release|Any CPU
		{85345B08-5F61-42F8-86C6-7B64390E0A30}.Release|Any CPU.Build.0 = Release|Any CPU
		{9210EC08-C113-4A6B-B33D-9DE73421C574}.Debug|Any CPU.ActiveCfg = Debug|Any CPU
		{9210EC08-C113-4A6B-B33D-9DE73421C574}.Debug|Any CPU.Build.0 = Debug|Any CPU
		{9210EC08-C113-4A6B-B33D-9DE73421C574}.Release|Any CPU.ActiveCfg = Release|Any CPU
		{9210EC08-C113-4A6B-B33D-9DE73421C574}.Release|Any CPU.Build.0 = Release|Any CPU
		{688E9DCE-D38C-4CA6-9AAA-2E5BD65A275C}.Debug|Any CPU.ActiveCfg = Debug|Any CPU
		{688E9DCE-D38C-4CA6-9AAA-2E5BD65A275C}.Debug|Any CPU.Build.0 = Debug|Any CPU
		{688E9DCE-D38C-4CA6-9AAA-2E5BD65A275C}.Release|Any CPU.ActiveCfg = Release|Any CPU
		{688E9DCE-D38C-4CA6-9AAA-2E5BD65A275C}.Release|Any CPU.Build.0 = Release|Any CPU
		{2D2FE25F-5589-47DD-896B-D7367098B9A8}.Debug|Any CPU.ActiveCfg = Debug|Any CPU
		{2D2FE25F-5589-47DD-896B-D7367098B9A8}.Debug|Any CPU.Build.0 = Debug|Any CPU
		{2D2FE25F-5589-47DD-896B-D7367098B9A8}.Release|Any CPU.ActiveCfg = Release|Any CPU
		{2D2FE25F-5589-47DD-896B-D7367098B9A8}.Release|Any CPU.Build.0 = Release|Any CPU
		{BCC90988-6641-4AD6-89C9-B85D23027922}.Debug|Any CPU.ActiveCfg = Debug|Any CPU
		{BCC90988-6641-4AD6-89C9-B85D23027922}.Debug|Any CPU.Build.0 = Debug|Any CPU
		{BCC90988-6641-4AD6-89C9-B85D23027922}.Release|Any CPU.ActiveCfg = Release|Any CPU
		{BCC90988-6641-4AD6-89C9-B85D23027922}.Release|Any CPU.Build.0 = Release|Any CPU
	EndGlobalSection
	GlobalSection(NestedProjects) = preSolution
		{88D4BA94-6D93-4DE7-9ED6-CFDF369EDAD3} = {6524BEC0-9C8F-470E-86D2-03C1F25B3B67}
		{8DC9210B-6D06-4E60-B39A-D0EEAA11810E} = {6524BEC0-9C8F-470E-86D2-03C1F25B3B67}
		{0DED1294-086F-4702-A435-3EC8D57F139F} = {6524BEC0-9C8F-470E-86D2-03C1F25B3B67}
		{724770F9-3A58-47B9-B8A2-E6284A21648D} = {6524BEC0-9C8F-470E-86D2-03C1F25B3B67}
		{63B5FCF3-393E-4E6E-91C3-397F25056C9A} = {6524BEC0-9C8F-470E-86D2-03C1F25B3B67}
		{CA40809E-8702-47B8-BDBB-338880E38C2A} = {6524BEC0-9C8F-470E-86D2-03C1F25B3B67}
		{C6EACFFA-7375-4C07-9449-515E6E26A645} = {6524BEC0-9C8F-470E-86D2-03C1F25B3B67}
		{D1DEDF6B-764D-43CD-BB3F-987B94DA54E2} = {6524BEC0-9C8F-470E-86D2-03C1F25B3B67}
		{A8542402-6994-4E96-BA96-7D224CB21C30} = {6524BEC0-9C8F-470E-86D2-03C1F25B3B67}
		{85345B08-5F61-42F8-86C6-7B64390E0A30} = {6311FE26-12B8-4311-BF1D-A17CA1D9973F}
		{9210EC08-C113-4A6B-B33D-9DE73421C574} = {6311FE26-12B8-4311-BF1D-A17CA1D9973F}
		{688E9DCE-D38C-4CA6-9AAA-2E5BD65A275C} = {6311FE26-12B8-4311-BF1D-A17CA1D9973F}
		{2D2FE25F-5589-47DD-896B-D7367098B9A8} = {6311FE26-12B8-4311-BF1D-A17CA1D9973F}
		{BCC90988-6641-4AD6-89C9-B85D23027922} = {6311FE26-12B8-4311-BF1D-A17CA1D9973F}
	EndGlobalSection
EndGlobal
